
Microsoft Visual Studio Solution File, Format Version 12.00
# Visual Studio 14
VisualStudioVersion = 14.0.25420.1
MinimumVisualStudioVersion = 10.0.40219.1
Project("{FAE04EC0-301F-11D3-BF4B-00C04F79EFBC}") = "BingDesktopWallpaper", "BingDesktopWallpaper\BingDesktopWallpaper.csproj", "{71D09A0F-2BA5-4124-AA92-23796D5D7A95}"
EndProject
Global
	GlobalSection(SolutionConfigurationPlatforms) = preSolution
		Debug|Any CPU = Debug|Any CPU
		Release|Any CPU = Release|Any CPU
	EndGlobalSection
	GlobalSection(ProjectConfigurationPlatforms) = postSolution
		{71D09A0F-2BA5-4124-AA92-23796D5D7A95}.Debug|Any CPU.ActiveCfg = Debug|Any CPU
		{71D09A0F-2BA5-4124-AA92-23796D5D7A95}.Debug|Any CPU.Build.0 = Debug|Any CPU
		{71D09A0F-2BA5-4124-AA92-23796D5D7A95}.Release|Any CPU.ActiveCfg = Release|Any CPU
		{71D09A0F-2BA5-4124-AA92-23796D5D7A95}.Release|Any CPU.Build.0 = Release|Any CPU
	EndGlobalSection
	GlobalSection(SolutionProperties) = preSolution
		HideSolutionNode = FALSE
	EndGlobalSection
EndGlobal
